
Microsoft Visual Studio Solution File, Format Version 12.00
# Visual Studio Version 17
VisualStudioVersion = 17.4.33213.308
MinimumVisualStudioVersion = 10.0.40219.1
Project("{9A19103F-16F7-4668-BE54-9A1E7A4F7556}") = "3.1.SqsPublisher", "..\3.1.SqsPublisher\3.1.SqsPublisher.csproj", "{1A08B1BE-9DA5-4340-9560-7A32795165B7}"
EndProject
Project("{9A19103F-16F7-4668-BE54-9A1E7A4F7556}") = "3.2.SqsConsumer", "..\3.2.SqsConsumer\3.2.SqsConsumer.csproj", "{BA3E121F-5129-4767-B77C-93BF78C72F49}"
EndProject
Project("{9A19103F-16F7-4668-BE54-9A1E7A4F7556}") = "Customers.Api", "..\..\..\Users\MehmetYagci\Downloads\3.6\aws-fundamentals-final-master\3.Sqs\Customers.Api\Customers.Api.csproj", "{B128F756-1934-47CD-8B49-7097878F667E}"
EndProject
Project("{FAE04EC0-301F-11D3-BF4B-00C04F79EFBC}") = "3.3.Customers.Consumer", "3.3.Customers.Consumer\3.3.Customers.Consumer.csproj", "{E6F81B82-4082-4569-A7F2-9354F9B7A6A3}"
EndProject
Global
	GlobalSection(SolutionConfigurationPlatforms) = preSolution
		Debug|Any CPU = Debug|Any CPU
		Release|Any CPU = Release|Any CPU
	EndGlobalSection
	GlobalSection(ProjectConfigurationPlatforms) = postSolution
		{1A08B1BE-9DA5-4340-9560-7A32795165B7}.Debug|Any CPU.ActiveCfg = Debug|Any CPU
		{1A08B1BE-9DA5-4340-9560-7A32795165B7}.Debug|Any CPU.Build.0 = Debug|Any CPU
		{1A08B1BE-9DA5-4340-9560-7A32795165B7}.Release|Any CPU.ActiveCfg = Release|Any CPU
		{1A08B1BE-9DA5-4340-9560-7A32795165B7}.Release|Any CPU.Build.0 = Release|Any CPU
		{BA3E121F-5129-4767-B77C-93BF78C72F49}.Debug|Any CPU.ActiveCfg = Debug|Any CPU
		{BA3E121F-5129-4767-B77C-93BF78C72F49}.Debug|Any CPU.Build.0 = Debug|Any CPU
		{BA3E121F-5129-4767-B77C-93BF78C72F49}.Release|Any CPU.ActiveCfg = Release|Any CPU
		{BA3E121F-5129-4767-B77C-93BF78C72F49}.Release|Any CPU.Build.0 = Release|Any CPU
		{B128F756-1934-47CD-8B49-7097878F667E}.Debug|Any CPU.ActiveCfg = Debug|Any CPU
		{B128F756-1934-47CD-8B49-7097878F667E}.Debug|Any CPU.Build.0 = Debug|Any CPU
		{B128F756-1934-47CD-8B49-7097878F667E}.Release|Any CPU.ActiveCfg = Release|Any CPU
		{B128F756-1934-47CD-8B49-7097878F667E}.Release|Any CPU.Build.0 = Release|Any CPU
		{E6F81B82-4082-4569-A7F2-9354F9B7A6A3}.Debug|Any CPU.ActiveCfg = Debug|Any CPU
		{E6F81B82-4082-4569-A7F2-9354F9B7A6A3}.Debug|Any CPU.Build.0 = Debug|Any CPU
		{E6F81B82-4082-4569-A7F2-9354F9B7A6A3}.Release|Any CPU.ActiveCfg = Release|Any CPU
		{E6F81B82-4082-4569-A7F2-9354F9B7A6A3}.Release|Any CPU.Build.0 = Release|Any CPU
	EndGlobalSection
	GlobalSection(SolutionProperties) = preSolution
		HideSolutionNode = FALSE
	EndGlobalSection
	GlobalSection(ExtensibilityGlobals) = postSolution
		SolutionGuid = {4F99EF51-6FF1-4A74-989C-28BE81E571DA}
	EndGlobalSection
EndGlobal
